<?xml version="1.0" encoding="UTF-8" standalone="yes" ?>
<CodeBlocks_project_file>
	<FileVersion major="1" minor="6" />
	<Project>
		<Option title="gui4reces" />
		<Option pch_mode="2" />
		<Option compiler="gcc" />
		<Build>
			<Target title="Debug">
				<Option output="..\bin\Debug\gui4reces" prefix_auto="1" extension_auto="1" />
				<Option object_output="obj\Debug\" />
				<Option type="0" />
				<Option compiler="gcc" />
				<Compiler>
					<Add option="-g" />
					<Add option="-DDEBUG" />
					<Add option="-D_DEBUG" />
				</Compiler>
			</Target>
			<Target title="Release">
				<Option output="..\bin\Release\gui4reces" prefix_auto="1" extension_auto="1" />
				<Option object_output="obj\Release\" />
				<Option type="0" />
				<Option compiler="gcc" />
				<Compiler>
					<Add option="-O2" />
				</Compiler>
				<Linker>
					<Add option="-s" />
				</Linker>
			</Target>
			<Target title="Debug | x64">
				<Option output="..\bin\Debug\x64\gui4reces" prefix_auto="1" extension_auto="1" />
				<Option object_output="obj\Debug\x64\" />
				<Option type="0" />
				<Option compiler="gnu_gcc_compiler_x64" />
				<Compiler>
					<Add option="-g" />
					<Add option="-DDEBUG" />
					<Add option="-D_DEBUG" />
					<Add option="-D_WIN64" />
				</Compiler>
			</Target>
			<Target title="Release | x64">
				<Option output="..\bin\Release\x64\gui4reces" prefix_auto="1" extension_auto="1" />
				<Option object_output="obj\Release\x64\" />
				<Option type="0" />
				<Option compiler="gnu_gcc_compiler_x64" />
				<Compiler>
					<Add option="-O2" />
					<Add option="-D_WIN64" />
				</Compiler>
				<Linker>
					<Add option="-s" />
				</Linker>
			</Target>
		</Build>
		<Compiler>
			<Add option="-Wall" />
		</Compiler>
		<Linker>
			<Add library="gdi32" />
			<Add library="user32" />
			<Add library="kernel32" />
			<Add library="comdlg32" />
			<Add library="ole32" />
			<Add library="version" />
			<Add library="shlwapi" />
			<Add library="uuid" />
		</Linker>
		<Unit filename="AboutDialog.cpp" />
		<Unit filename="AboutDialog.h" />
		<Unit filename="CompressTab.cpp" />
		<Unit filename="CompressTab.h" />
		<Unit filename="ExtractTab.cpp" />
		<Unit filename="ExtractTab.h" />
		<Unit filename="FileListView.cpp" />
		<Unit filename="FileListView.h" />
		<Unit filename="FilterTab.cpp" />
		<Unit filename="FilterTab.h" />
		<Unit filename="MainDialog.cpp" />
		<Unit filename="MainDialog.h" />
		<Unit filename="OtherTab.cpp" />
		<Unit filename="OtherTab.h" />
		<Unit filename="OutputTab.cpp" />
		<Unit filename="OutputTab.h" />
		<Unit filename="PasswordTab.cpp" />
		<Unit filename="PasswordTab.h" />
		<Unit filename="PrivateProfile.cpp" />
		<Unit filename="PrivateProfile.h" />
		<Unit filename="RemoveSourceTab.cpp" />
		<Unit filename="RemoveSourceTab.h" />
		<Unit filename="SplitTab.cpp" />
		<Unit filename="SplitTab.h" />
		<Unit filename="StdAfx.h" />
		<Unit filename="TabBase.cpp" />
		<Unit filename="TabBase.h" />
		<Unit filename="gui4reces.cpp" />
		<Unit filename="gui4reces.h" />
		<Unit filename="resources\manifest.xml" />
		<Unit filename="resources\resource.h" />
		<Unit filename="resources\resource.rc">
			<Option compilerVar="WINDRES" />
		</Unit>
		<Unit filename="sslib\CfgFile.cpp" />
		<Unit filename="sslib\CfgFile.h" />
		<Unit filename="sslib\CommandArgument.cpp" />
		<Unit filename="sslib\CommandArgument.h" />
		<Unit filename="sslib\Dialog.cpp" />
		<Unit filename="sslib\Dialog.h" />
		<Unit filename="sslib\DialogApp.cpp" />
		<Unit filename="sslib\DialogApp.h" />
		<Unit filename="sslib\EnvironmentVariable.cpp" />
		<Unit filename="sslib\EnvironmentVariable.h" />
		<Unit filename="sslib\File.cpp" />
		<Unit filename="sslib\File.h" />
		<Unit filename="sslib\FileDialog.cpp" />
		<Unit filename="sslib\FileDialog.h" />
		<Unit filename="sslib\FileOperation.cpp" />
		<Unit filename="sslib\FileOperation.h" />
		<Unit filename="sslib\FileSearch.cpp" />
		<Unit filename="sslib\FileSearch.h" />
		<Unit filename="sslib\FolderDialog.cpp" />
		<Unit filename="sslib\FolderDialog.h" />
		<Unit filename="sslib\FormatString.cpp" />
		<Unit filename="sslib\FormatString.h" />
		<Unit filename="sslib\Misc.cpp" />
		<Unit filename="sslib\Misc.h" />
		<Unit filename="sslib\Path.cpp" />
		<Unit filename="sslib\Path.h" />
		<Unit filename="sslib\String.cpp" />
		<Unit filename="sslib\String.h" />
		<Unit filename="sslib\TempFile.cpp" />
		<Unit filename="sslib\TempFile.h" />
		<Unit filename="sslib\VariableArgument.h" />
		<Unit filename="sslib\gui\Control.cpp" />
		<Unit filename="sslib\gui\Control.h" />
		<Unit filename="sslib\gui\CtrlAHook.cpp" />
		<Unit filename="sslib\gui\CtrlAHook.h" />
		<Unit filename="sslib\gui\DropFiles.cpp" />
		<Unit filename="sslib\gui\DropFiles.h" />
		<Unit filename="sslib\gui\ListView.cpp" />
		<Unit filename="sslib\gui\ListView.h" />
		<Unit filename="sslib\gui\Menu.cpp" />
		<Unit filename="sslib\gui\Menu.h" />
		<Unit filename="sslib\gui\Tab.cpp" />
		<Unit filename="sslib\gui\Tab.h" />
		<Unit filename="sslib\sslib.h" />
		<Extensions>
			<code_completion />
			<debugger />
		</Extensions>
	</Project>
</CodeBlocks_project_file>
